
Microsoft Visual Studio Solution File, Format Version 12.00
# Visual Studio Version 16
VisualStudioVersion = 16.0.29519.87
MinimumVisualStudioVersion = 10.0.40219.1
Project("{8BC9CEB8-8B4A-11D0-8D11-00A0C91BC942}") = "Keyboard simulator", "Keyboard simulator\Keyboard simulator.vcxproj", "{6953D4BB-5A3D-4607-B2B8-7D4AB3F822AA}"
EndProject
Global
	GlobalSection(SolutionConfigurationPlatforms) = preSolution
		Debug|x64 = Debug|x64
		Debug|x86 = Debug|x86
		Release|x64 = Release|x64
		Release|x86 = Release|x86
	EndGlobalSection
	GlobalSection(ProjectConfigurationPlatforms) = postSolution
		{6953D4BB-5A3D-4607-B2B8-7D4AB3F822AA}.Debug|x64.ActiveCfg = Debug|x64
		{6953D4BB-5A3D-4607-B2B8-7D4AB3F822AA}.Debug|x64.Build.0 = Debug|x64
		{6953D4BB-5A3D-4607-B2B8-7D4AB3F822AA}.Debug|x86.ActiveCfg = Debug|Win32
		{6953D4BB-5A3D-4607-B2B8-7D4AB3F822AA}.Debug|x86.Build.0 = Debug|Win32
		{6953D4BB-5A3D-4607-B2B8-7D4AB3F822AA}.Release|x64.ActiveCfg = Release|x64
		{6953D4BB-5A3D-4607-B2B8-7D4AB3F822AA}.Release|x64.Build.0 = Release|x64
		{6953D4BB-5A3D-4607-B2B8-7D4AB3F822AA}.Release|x86.ActiveCfg = Release|Win32
		{6953D4BB-5A3D-4607-B2B8-7D4AB3F822AA}.Release|x86.Build.0 = Release|Win32
	EndGlobalSection
	GlobalSection(SolutionProperties) = preSolution
		HideSolutionNode = FALSE
	EndGlobalSection
	GlobalSection(ExtensibilityGlobals) = postSolution
		SolutionGuid = {E672D44C-DF1B-4E7D-B701-E2D7CA1DEDB2}
	EndGlobalSection
EndGlobal
